
Microsoft Visual Studio Solution File, Format Version 12.00
# Visual Studio 15
VisualStudioVersion = 15.0.26124.0
MinimumVisualStudioVersion = 15.0.26124.0
Project("{9A19103F-16F7-4668-BE54-9A1E7A4F7556}") = "R5T.Pictia.Construction", "R5T.Pictia.Construction\R5T.Pictia.Construction.csproj", "{ED33C26C-8135-4A35-841C-E34384D4F09F}"
EndProject
Project("{9A19103F-16F7-4668-BE54-9A1E7A4F7556}") = "R5T.Pictia", "R5T.Pictia\R5T.Pictia.csproj", "{54345CA5-9E10-4234-8211-D5D70C65A192}"
EndProject
Project("{9A19103F-16F7-4668-BE54-9A1E7A4F7556}") = "R5T.Pictia.Testing", "R5T.Pictia.Testing\R5T.Pictia.Testing.csproj", "{88D08BFE-C56A-4F2D-BADC-A5C9A51AA9EF}"
EndProject
Project("{2150E333-8FDC-42A3-9474-1A3956D46DE8}") = "_Dependencies", "_Dependencies", "{CC285547-13E6-485B-BE3D-7DD137DB78B8}"
EndProject
Project("{9A19103F-16F7-4668-BE54-9A1E7A4F7556}") = "R5T.AWS.EC2", "..\..\R5T.AWS.EC2\source\R5T.AWS.EC2\R5T.AWS.EC2.csproj", "{D93D8D88-C2F6-4A33-9EE4-634183A98011}"
EndProject
Project("{9A19103F-16F7-4668-BE54-9A1E7A4F7556}") = "R5T.AWS.EC2.Configuration", "..\..\R5T.AWS.EC2.Configuration\source\R5T.AWS.EC2.Configuration\R5T.AWS.EC2.Configuration.csproj", "{BFCCF9AC-1D1A-4A2C-8AB1-77FE29285ACE}"
EndProject
Project("{9A19103F-16F7-4668-BE54-9A1E7A4F7556}") = "R5T.Rivet.Configuration", "..\..\R5T.Rivet.Configuration\source\R5T.Rivet.Configuration\R5T.Rivet.Configuration.csproj", "{DCE4760B-AAB1-4C00-810E-F6F1751D2C7A}"
EndProject
Project("{9A19103F-16F7-4668-BE54-9A1E7A4F7556}") = "R5T.NetStandard.IO.Paths.Base", "..\..\R5T.NetStandard.IO.Paths.Base\source\R5T.NetStandard.IO.Paths.Base\R5T.NetStandard.IO.Paths.Base.csproj", "{E3DEE01A-D31D-4037-8BD8-BCCBF5CE50AC}"
EndProject
Project("{9A19103F-16F7-4668-BE54-9A1E7A4F7556}") = "R5T.Dropbox.Base", "..\..\R5T.Dropbox.Base\source\R5T.Dropbox.Base\R5T.Dropbox.Base.csproj", "{736E0173-E3F7-4F13-9563-C48ADC22A64B}"
EndProject
Project("{9A19103F-16F7-4668-BE54-9A1E7A4F7556}") = "R5T.NetStandard.IO.Paths.Types", "..\..\R5T.NetStandard.IO.Paths.Types\source\R5T.NetStandard.IO.Paths.Types\R5T.NetStandard.IO.Paths.Types.csproj", "{22981E6C-E0D7-42FF-810B-B9A3724A69FD}"
EndProject
Project("{9A19103F-16F7-4668-BE54-9A1E7A4F7556}") = "R5T.NetStandard.TypedString", "..\..\R5T.NetStandard.TypedString\source\R5T.NetStandard.TypedString\R5T.NetStandard.TypedString.csproj", "{211E63C4-0539-4C72-B44D-B3466B3CC7F7}"
EndProject
Project("{9A19103F-16F7-4668-BE54-9A1E7A4F7556}") = "R5T.NetStandard.Types", "..\..\R5T.NetStandard.Types\source\R5T.NetStandard.Types\R5T.NetStandard.Types.csproj", "{B24EBBC5-5BD8-4E8C-A55F-29A14DA0E1E6}"
EndProject
Project("{9A19103F-16F7-4668-BE54-9A1E7A4F7556}") = "R5T.NetStandard.Organizational", "..\..\R5T.NetStandard.Organizational\source\R5T.NetStandard.Organizational\R5T.NetStandard.Organizational.csproj", "{66411D9A-1426-44D4-8C29-4F252019C326}"
EndProject
Project("{9A19103F-16F7-4668-BE54-9A1E7A4F7556}") = "R5T.Rivet.Organizational", "..\..\R5T.Rivet.Organizational\source\R5T.Rivet.Organizational\R5T.Rivet.Organizational.csproj", "{B9F576E5-1AE7-4D76-B3C1-4EBFABC85900}"
EndProject
Project("{9A19103F-16F7-4668-BE54-9A1E7A4F7556}") = "R5T.Rivet.Dropbox", "..\..\R5T.Rivet.Dropbox\source\R5T.Rivet.Dropbox\R5T.Rivet.Dropbox.csproj", "{C5AABBA6-C908-4846-95E2-EE5398620F06}"
EndProject
Project("{9A19103F-16F7-4668-BE54-9A1E7A4F7556}") = "R5T.NetStandard.Configuration", "..\..\R5T.NetStandard.Configuration\source\R5T.NetStandard.Configuration\R5T.NetStandard.Configuration.csproj", "{7F9F7F92-3C73-4EE8-8758-E55E1C1C0FDC}"
EndProject
Project("{9A19103F-16F7-4668-BE54-9A1E7A4F7556}") = "R5T.NetStandard.SSH", "..\..\R5T.NetStandard.SSH\source\R5T.NetStandard.SSH\R5T.NetStandard.SSH.csproj", "{47070D78-1D84-442C-95F9-5A9527806717}"
EndProject
Global
	GlobalSection(SolutionConfigurationPlatforms) = preSolution
		Debug|Any CPU = Debug|Any CPU
		Debug|x64 = Debug|x64
		Debug|x86 = Debug|x86
		Release|Any CPU = Release|Any CPU
		Release|x64 = Release|x64
		Release|x86 = Release|x86
	EndGlobalSection
	GlobalSection(ProjectConfigurationPlatforms) = postSolution
		{ED33C26C-8135-4A35-841C-E34384D4F09F}.Debug|Any CPU.ActiveCfg = Debug|Any CPU
		{ED33C26C-8135-4A35-841C-E34384D4F09F}.Debug|Any CPU.Build.0 = Debug|Any CPU
		{ED33C26C-8135-4A35-841C-E34384D4F09F}.Debug|x64.ActiveCfg = Debug|Any CPU
		{ED33C26C-8135-4A35-841C-E34384D4F09F}.Debug|x64.Build.0 = Debug|Any CPU
		{ED33C26C-8135-4A35-841C-E34384D4F09F}.Debug|x86.ActiveCfg = Debug|Any CPU
		{ED33C26C-8135-4A35-841C-E34384D4F09F}.Debug|x86.Build.0 = Debug|Any CPU
		{ED33C26C-8135-4A35-841C-E34384D4F09F}.Release|Any CPU.ActiveCfg = Release|Any CPU
		{ED33C26C-8135-4A35-841C-E34384D4F09F}.Release|Any CPU.Build.0 = Release|Any CPU
		{ED33C26C-8135-4A35-841C-E34384D4F09F}.Release|x64.ActiveCfg = Release|Any CPU
		{ED33C26C-8135-4A35-841C-E34384D4F09F}.Release|x64.Build.0 = Release|Any CPU
		{ED33C26C-8135-4A35-841C-E34384D4F09F}.Release|x86.ActiveCfg = Release|Any CPU
		{ED33C26C-8135-4A35-841C-E34384D4F09F}.Release|x86.Build.0 = Release|Any CPU
		{54345CA5-9E10-4234-8211-D5D70C65A192}.Debug|Any CPU.ActiveCfg = Debug|Any CPU
		{54345CA5-9E10-4234-8211-D5D70C65A192}.Debug|Any CPU.Build.0 = Debug|Any CPU
		{54345CA5-9E10-4234-8211-D5D70C65A192}.Debug|x64.ActiveCfg = Debug|Any CPU
		{54345CA5-9E10-4234-8211-D5D70C65A192}.Debug|x64.Build.0 = Debug|Any CPU
		{54345CA5-9E10-4234-8211-D5D70C65A192}.Debug|x86.ActiveCfg = Debug|Any CPU
		{54345CA5-9E10-4234-8211-D5D70C65A192}.Debug|x86.Build.0 = Debug|Any CPU
		{54345CA5-9E10-4234-8211-D5D70C65A192}.Release|Any CPU.ActiveCfg = Release|Any CPU
		{54345CA5-9E10-4234-8211-D5D70C65A192}.Release|Any CPU.Build.0 = Release|Any CPU
		{54345CA5-9E10-4234-8211-D5D70C65A192}.Release|x64.ActiveCfg = Release|Any CPU
		{54345CA5-9E10-4234-8211-D5D70C65A192}.Release|x64.Build.0 = Release|Any CPU
		{54345CA5-9E10-4234-8211-D5D70C65A192}.Release|x86.ActiveCfg = Release|Any CPU
		{54345CA5-9E10-4234-8211-D5D70C65A192}.Release|x86.Build.0 = Release|Any CPU
		{88D08BFE-C56A-4F2D-BADC-A5C9A51AA9EF}.Debug|Any CPU.ActiveCfg = Debug|Any CPU
		{88D08BFE-C56A-4F2D-BADC-A5C9A51AA9EF}.Debug|Any CPU.Build.0 = Debug|Any CPU
		{88D08BFE-C56A-4F2D-BADC-A5C9A51AA9EF}.Debug|x64.ActiveCfg = Debug|Any CPU
		{88D08BFE-C56A-4F2D-BADC-A5C9A51AA9EF}.Debug|x64.Build.0 = Debug|Any CPU
		{88D08BFE-C56A-4F2D-BADC-A5C9A51AA9EF}.Debug|x86.ActiveCfg = Debug|Any CPU
		{88D08BFE-C56A-4F2D-BADC-A5C9A51AA9EF}.Debug|x86.Build.0 = Debug|Any CPU
		{88D08BFE-C56A-4F2D-BADC-A5C9A51AA9EF}.Release|Any CPU.ActiveCfg = Release|Any CPU
		{88D08BFE-C56A-4F2D-BADC-A5C9A51AA9EF}.Release|Any CPU.Build.0 = Release|Any CPU
		{88D08BFE-C56A-4F2D-BADC-A5C9A51AA9EF}.Release|x64.ActiveCfg = Release|Any CPU
		{88D08BFE-C56A-4F2D-BADC-A5C9A51AA9EF}.Release|x64.Build.0 = Release|Any CPU
		{88D08BFE-C56A-4F2D-BADC-A5C9A51AA9EF}.Release|x86.ActiveCfg = Release|Any CPU
		{88D08BFE-C56A-4F2D-BADC-A5C9A51AA9EF}.Release|x86.Build.0 = Release|Any CPU
		{D93D8D88-C2F6-4A33-9EE4-634183A98011}.Debug|Any CPU.ActiveCfg = Debug|Any CPU
		{D93D8D88-C2F6-4A33-9EE4-634183A98011}.Debug|Any CPU.Build.0 = Debug|Any CPU
		{D93D8D88-C2F6-4A33-9EE4-634183A98011}.Debug|x64.ActiveCfg = Debug|Any CPU
		{D93D8D88-C2F6-4A33-9EE4-634183A98011}.Debug|x64.Build.0 = Debug|Any CPU
		{D93D8D88-C2F6-4A33-9EE4-634183A98011}.Debug|x86.ActiveCfg = Debug|Any CPU
		{D93D8D88-C2F6-4A33-9EE4-634183A98011}.Debug|x86.Build.0 = Debug|Any CPU
		{D93D8D88-C2F6-4A33-9EE4-634183A98011}.Release|Any CPU.ActiveCfg = Release|Any CPU
		{D93D8D88-C2F6-4A33-9EE4-634183A98011}.Release|Any CPU.Build.0 = Release|Any CPU
		{D93D8D88-C2F6-4A33-9EE4-634183A98011}.Release|x64.ActiveCfg = Release|Any CPU
		{D93D8D88-C2F6-4A33-9EE4-634183A98011}.Release|x64.Build.0 = Release|Any CPU
		{D93D8D88-C2F6-4A33-9EE4-634183A98011}.Release|x86.ActiveCfg = Release|Any CPU
		{D93D8D88-C2F6-4A33-9EE4-634183A98011}.Release|x86.Build.0 = Release|Any CPU
		{BFCCF9AC-1D1A-4A2C-8AB1-77FE29285ACE}.Debug|Any CPU.ActiveCfg = Debug|Any CPU
		{BFCCF9AC-1D1A-4A2C-8AB1-77FE29285ACE}.Debug|Any CPU.Build.0 = Debug|Any CPU
		{BFCCF9AC-1D1A-4A2C-8AB1-77FE29285ACE}.Debug|x64.ActiveCfg = Debug|Any CPU
		{BFCCF9AC-1D1A-4A2C-8AB1-77FE29285ACE}.Debug|x64.Build.0 = Debug|Any CPU
		{BFCCF9AC-1D1A-4A2C-8AB1-77FE29285ACE}.Debug|x86.ActiveCfg = Debug|Any CPU
		{BFCCF9AC-1D1A-4A2C-8AB1-77FE29285ACE}.Debug|x86.Build.0 = Debug|Any CPU
		{BFCCF9AC-1D1A-4A2C-8AB1-77FE29285ACE}.Release|Any CPU.ActiveCfg = Release|Any CPU
		{BFCCF9AC-1D1A-4A2C-8AB1-77FE29285ACE}.Release|Any CPU.Build.0 = Release|Any CPU
		{BFCCF9AC-1D1A-4A2C-8AB1-77FE29285ACE}.Release|x64.ActiveCfg = Release|Any CPU
		{BFCCF9AC-1D1A-4A2C-8AB1-77FE29285ACE}.Release|x64.Build.0 = Release|Any CPU
		{BFCCF9AC-1D1A-4A2C-8AB1-77FE29285ACE}.Release|x86.ActiveCfg = Release|Any CPU
		{BFCCF9AC-1D1A-4A2C-8AB1-77FE29285ACE}.Release|x86.Build.0 = Release|Any CPU
		{DCE4760B-AAB1-4C00-810E-F6F1751D2C7A}.Debug|Any CPU.ActiveCfg = Debug|Any CPU
		{DCE4760B-AAB1-4C00-810E-F6F1751D2C7A}.Debug|Any CPU.Build.0 = Debug|Any CPU
		{DCE4760B-AAB1-4C00-810E-F6F1751D2C7A}.Debug|x64.ActiveCfg = Debug|Any CPU
		{DCE4760B-AAB1-4C00-810E-F6F1751D2C7A}.Debug|x64.Build.0 = Debug|Any CPU
		{DCE4760B-AAB1-4C00-810E-F6F1751D2C7A}.Debug|x86.ActiveCfg = Debug|Any CPU
		{DCE4760B-AAB1-4C00-810E-F6F1751D2C7A}.Debug|x86.Build.0 = Debug|Any CPU
		{DCE4760B-AAB1-4C00-810E-F6F1751D2C7A}.Release|Any CPU.ActiveCfg = Release|Any CPU
		{DCE4760B-AAB1-4C00-810E-F6F1751D2C7A}.Release|Any CPU.Build.0 = Release|Any CPU
		{DCE4760B-AAB1-4C00-810E-F6F1751D2C7A}.Release|x64.ActiveCfg = Release|Any CPU
		{DCE4760B-AAB1-4C00-810E-F6F1751D2C7A}.Release|x64.Build.0 = Release|Any CPU
		{DCE4760B-AAB1-4C00-810E-F6F1751D2C7A}.Release|x86.ActiveCfg = Release|Any CPU
		{DCE4760B-AAB1-4C00-810E-F6F1751D2C7A}.Release|x86.Build.0 = Release|Any CPU
		{E3DEE01A-D31D-4037-8BD8-BCCBF5CE50AC}.Debug|Any CPU.ActiveCfg = Debug|Any CPU
		{E3DEE01A-D31D-4037-8BD8-BCCBF5CE50AC}.Debug|Any CPU.Build.0 = Debug|Any CPU
		{E3DEE01A-D31D-4037-8BD8-BCCBF5CE50AC}.Debug|x64.ActiveCfg = Debug|Any CPU
		{E3DEE01A-D31D-4037-8BD8-BCCBF5CE50AC}.Debug|x64.Build.0 = Debug|Any CPU
		{E3DEE01A-D31D-4037-8BD8-BCCBF5CE50AC}.Debug|x86.ActiveCfg = Debug|Any CPU
		{E3DEE01A-D31D-4037-8BD8-BCCBF5CE50AC}.Debug|x86.Build.0 = Debug|Any CPU
		{E3DEE01A-D31D-4037-8BD8-BCCBF5CE50AC}.Release|Any CPU.ActiveCfg = Release|Any CPU
		{E3DEE01A-D31D-4037-8BD8-BCCBF5CE50AC}.Release|Any CPU.Build.0 = Release|Any CPU
		{E3DEE01A-D31D-4037-8BD8-BCCBF5CE50AC}.Release|x64.ActiveCfg = Release|Any CPU
		{E3DEE01A-D31D-4037-8BD8-BCCBF5CE50AC}.Release|x64.Build.0 = Release|Any CPU
		{E3DEE01A-D31D-4037-8BD8-BCCBF5CE50AC}.Release|x86.ActiveCfg = Release|Any CPU
		{E3DEE01A-D31D-4037-8BD8-BCCBF5CE50AC}.Release|x86.Build.0 = Release|Any CPU
		{736E0173-E3F7-4F13-9563-C48ADC22A64B}.Debug|Any CPU.ActiveCfg = Debug|Any CPU
		{736E0173-E3F7-4F13-9563-C48ADC22A64B}.Debug|Any CPU.Build.0 = Debug|Any CPU
		{736E0173-E3F7-4F13-9563-C48ADC22A64B}.Debug|x64.ActiveCfg = Debug|Any CPU
		{736E0173-E3F7-4F13-9563-C48ADC22A64B}.Debug|x64.Build.0 = Debug|Any CPU
		{736E0173-E3F7-4F13-9563-C48ADC22A64B}.Debug|x86.ActiveCfg = Debug|Any CPU
		{736E0173-E3F7-4F13-9563-C48ADC22A64B}.Debug|x86.Build.0 = Debug|Any CPU
		{736E0173-E3F7-4F13-9563-C48ADC22A64B}.Release|Any CPU.ActiveCfg = Release|Any CPU
		{736E0173-E3F7-4F13-9563-C48ADC22A64B}.Release|Any CPU.Build.0 = Release|Any CPU
		{736E0173-E3F7-4F13-9563-C48ADC22A64B}.Release|x64.ActiveCfg = Release|Any CPU
		{736E0173-E3F7-4F13-9563-C48ADC22A64B}.Release|x64.Build.0 = Release|Any CPU
		{736E0173-E3F7-4F13-9563-C48ADC22A64B}.Release|x86.ActiveCfg = Release|Any CPU
		{736E0173-E3F7-4F13-9563-C48ADC22A64B}.Release|x86.Build.0 = Release|Any CPU
		{22981E6C-E0D7-42FF-810B-B9A3724A69FD}.Debug|Any CPU.ActiveCfg = Debug|Any CPU
		{22981E6C-E0D7-42FF-810B-B9A3724A69FD}.Debug|Any CPU.Build.0 = Debug|Any CPU
		{22981E6C-E0D7-42FF-810B-B9A3724A69FD}.Debug|x64.ActiveCfg = Debug|Any CPU
		{22981E6C-E0D7-42FF-810B-B9A3724A69FD}.Debug|x64.Build.0 = Debug|Any CPU
		{22981E6C-E0D7-42FF-810B-B9A3724A69FD}.Debug|x86.ActiveCfg = Debug|Any CPU
		{22981E6C-E0D7-42FF-810B-B9A3724A69FD}.Debug|x86.Build.0 = Debug|Any CPU
		{22981E6C-E0D7-42FF-810B-B9A3724A69FD}.Release|Any CPU.ActiveCfg = Release|Any CPU
		{22981E6C-E0D7-42FF-810B-B9A3724A69FD}.Release|Any CPU.Build.0 = Release|Any CPU
		{22981E6C-E0D7-42FF-810B-B9A3724A69FD}.Release|x64.ActiveCfg = Release|Any CPU
		{22981E6C-E0D7-42FF-810B-B9A3724A69FD}.Release|x64.Build.0 = Release|Any CPU
		{22981E6C-E0D7-42FF-810B-B9A3724A69FD}.Release|x86.ActiveCfg = Release|Any CPU
		{22981E6C-E0D7-42FF-810B-B9A3724A69FD}.Release|x86.Build.0 = Release|Any CPU
		{211E63C4-0539-4C72-B44D-B3466B3CC7F7}.Debug|Any CPU.ActiveCfg = Debug|Any CPU
		{211E63C4-0539-4C72-B44D-B3466B3CC7F7}.Debug|Any CPU.Build.0 = Debug|Any CPU
		{211E63C4-0539-4C72-B44D-B3466B3CC7F7}.Debug|x64.ActiveCfg = Debug|Any CPU
		{211E63C4-0539-4C72-B44D-B3466B3CC7F7}.Debug|x64.Build.0 = Debug|Any CPU
		{211E63C4-0539-4C72-B44D-B3466B3CC7F7}.Debug|x86.ActiveCfg = Debug|Any CPU
		{211E63C4-0539-4C72-B44D-B3466B3CC7F7}.Debug|x86.Build.0 = Debug|Any CPU
		{211E63C4-0539-4C72-B44D-B3466B3CC7F7}.Release|Any CPU.ActiveCfg = Release|Any CPU
		{211E63C4-0539-4C72-B44D-B3466B3CC7F7}.Release|Any CPU.Build.0 = Release|Any CPU
		{211E63C4-0539-4C72-B44D-B3466B3CC7F7}.Release|x64.ActiveCfg = Release|Any CPU
		{211E63C4-0539-4C72-B44D-B3466B3CC7F7}.Release|x64.Build.0 = Release|Any CPU
		{211E63C4-0539-4C72-B44D-B3466B3CC7F7}.Release|x86.ActiveCfg = Release|Any CPU
		{211E63C4-0539-4C72-B44D-B3466B3CC7F7}.Release|x86.Build.0 = Release|Any CPU
		{B24EBBC5-5BD8-4E8C-A55F-29A14DA0E1E6}.Debug|Any CPU.ActiveCfg = Debug|Any CPU
		{B24EBBC5-5BD8-4E8C-A55F-29A14DA0E1E6}.Debug|Any CPU.Build.0 = Debug|Any CPU
		{B24EBBC5-5BD8-4E8C-A55F-29A14DA0E1E6}.Debug|x64.ActiveCfg = Debug|Any CPU
		{B24EBBC5-5BD8-4E8C-A55F-29A14DA0E1E6}.Debug|x64.Build.0 = Debug|Any CPU
		{B24EBBC5-5BD8-4E8C-A55F-29A14DA0E1E6}.Debug|x86.ActiveCfg = Debug|Any CPU
		{B24EBBC5-5BD8-4E8C-A55F-29A14DA0E1E6}.Debug|x86.Build.0 = Debug|Any CPU
		{B24EBBC5-5BD8-4E8C-A55F-29A14DA0E1E6}.Release|Any CPU.ActiveCfg = Release|Any CPU
		{B24EBBC5-5BD8-4E8C-A55F-29A14DA0E1E6}.Release|Any CPU.Build.0 = Release|Any CPU
		{B24EBBC5-5BD8-4E8C-A55F-29A14DA0E1E6}.Release|x64.ActiveCfg = Release|Any CPU
		{B24EBBC5-5BD8-4E8C-A55F-29A14DA0E1E6}.Release|x64.Build.0 = Release|Any CPU
		{B24EBBC5-5BD8-4E8C-A55F-29A14DA0E1E6}.Release|x86.ActiveCfg = Release|Any CPU
		{B24EBBC5-5BD8-4E8C-A55F-29A14DA0E1E6}.Release|x86.Build.0 = Release|Any CPU
		{66411D9A-1426-44D4-8C29-4F252019C326}.Debug|Any CPU.ActiveCfg = Debug|Any CPU
		{66411D9A-1426-44D4-8C29-4F252019C326}.Debug|Any CPU.Build.0 = Debug|Any CPU
		{66411D9A-1426-44D4-8C29-4F252019C326}.Debug|x64.ActiveCfg = Debug|Any CPU
		{66411D9A-1426-44D4-8C29-4F252019C326}.Debug|x64.Build.0 = Debug|Any CPU
		{66411D9A-1426-44D4-8C29-4F252019C326}.Debug|x86.ActiveCfg = Debug|Any CPU
		{66411D9A-1426-44D4-8C29-4F252019C326}.Debug|x86.Build.0 = Debug|Any CPU
		{66411D9A-1426-44D4-8C29-4F252019C326}.Release|Any CPU.ActiveCfg = Release|Any CPU
		{66411D9A-1426-44D4-8C29-4F252019C326}.Release|Any CPU.Build.0 = Release|Any CPU
		{66411D9A-1426-44D4-8C29-4F252019C326}.Release|x64.ActiveCfg = Release|Any CPU
		{66411D9A-1426-44D4-8C29-4F252019C326}.Release|x64.Build.0 = Release|Any CPU
		{66411D9A-1426-44D4-8C29-4F252019C326}.Release|x86.ActiveCfg = Release|Any CPU
		{66411D9A-1426-44D4-8C29-4F252019C326}.Release|x86.Build.0 = Release|Any CPU
		{B9F576E5-1AE7-4D76-B3C1-4EBFABC85900}.Debug|Any CPU.ActiveCfg = Debug|Any CPU
		{B9F576E5-1AE7-4D76-B3C1-4EBFABC85900}.Debug|Any CPU.Build.0 = Debug|Any CPU
		{B9F576E5-1AE7-4D76-B3C1-4EBFABC85900}.Debug|x64.ActiveCfg = Debug|Any CPU
		{B9F576E5-1AE7-4D76-B3C1-4EBFABC85900}.Debug|x64.Build.0 = Debug|Any CPU
		{B9F576E5-1AE7-4D76-B3C1-4EBFABC85900}.Debug|x86.ActiveCfg = Debug|Any CPU
		{B9F576E5-1AE7-4D76-B3C1-4EBFABC85900}.Debug|x86.Build.0 = Debug|Any CPU
		{B9F576E5-1AE7-4D76-B3C1-4EBFABC85900}.Release|Any CPU.ActiveCfg = Release|Any CPU
		{B9F576E5-1AE7-4D76-B3C1-4EBFABC85900}.Release|Any CPU.Build.0 = Release|Any CPU
		{B9F576E5-1AE7-4D76-B3C1-4EBFABC85900}.Release|x64.ActiveCfg = Release|Any CPU
		{B9F576E5-1AE7-4D76-B3C1-4EBFABC85900}.Release|x64.Build.0 = Release|Any CPU
		{B9F576E5-1AE7-4D76-B3C1-4EBFABC85900}.Release|x86.ActiveCfg = Release|Any CPU
		{B9F576E5-1AE7-4D76-B3C1-4EBFABC85900}.Release|x86.Build.0 = Release|Any CPU
		{C5AABBA6-C908-4846-95E2-EE5398620F06}.Debug|Any CPU.ActiveCfg = Debug|Any CPU
		{C5AABBA6-C908-4846-95E2-EE5398620F06}.Debug|Any CPU.Build.0 = Debug|Any CPU
		{C5AABBA6-C908-4846-95E2-EE5398620F06}.Debug|x64.ActiveCfg = Debug|Any CPU
		{C5AABBA6-C908-4846-95E2-EE5398620F06}.Debug|x64.Build.0 = Debug|Any CPU
		{C5AABBA6-C908-4846-95E2-EE5398620F06}.Debug|x86.ActiveCfg = Debug|Any CPU
		{C5AABBA6-C908-4846-95E2-EE5398620F06}.Debug|x86.Build.0 = Debug|Any CPU
		{C5AABBA6-C908-4846-95E2-EE5398620F06}.Release|Any CPU.ActiveCfg = Release|Any CPU
		{C5AABBA6-C908-4846-95E2-EE5398620F06}.Release|Any CPU.Build.0 = Release|Any CPU
		{C5AABBA6-C908-4846-95E2-EE5398620F06}.Release|x64.ActiveCfg = Release|Any CPU
		{C5AABBA6-C908-4846-95E2-EE5398620F06}.Release|x64.Build.0 = Release|Any CPU
		{C5AABBA6-C908-4846-95E2-EE5398620F06}.Release|x86.ActiveCfg = Release|Any CPU
		{C5AABBA6-C908-4846-95E2-EE5398620F06}.Release|x86.Build.0 = Release|Any CPU
		{7F9F7F92-3C73-4EE8-8758-E55E1C1C0FDC}.Debug|Any CPU.ActiveCfg = Debug|Any CPU
		{7F9F7F92-3C73-4EE8-8758-E55E1C1C0FDC}.Debug|Any CPU.Build.0 = Debug|Any CPU
		{7F9F7F92-3C73-4EE8-8758-E55E1C1C0FDC}.Debug|x64.ActiveCfg = Debug|Any CPU
		{7F9F7F92-3C73-4EE8-8758-E55E1C1C0FDC}.Debug|x64.Build.0 = Debug|Any CPU
		{7F9F7F92-3C73-4EE8-8758-E55E1C1C0FDC}.Debug|x86.ActiveCfg = Debug|Any CPU
		{7F9F7F92-3C73-4EE8-8758-E55E1C1C0FDC}.Debug|x86.Build.0 = Debug|Any CPU
		{7F9F7F92-3C73-4EE8-8758-E55E1C1C0FDC}.Release|Any CPU.ActiveCfg = Release|Any CPU
		{7F9F7F92-3C73-4EE8-8758-E55E1C1C0FDC}.Release|Any CPU.Build.0 = Release|Any CPU
		{7F9F7F92-3C73-4EE8-8758-E55E1C1C0FDC}.Release|x64.ActiveCfg = Release|Any CPU
		{7F9F7F92-3C73-4EE8-8758-E55E1C1C0FDC}.Release|x64.Build.0 = Release|Any CPU
		{7F9F7F92-3C73-4EE8-8758-E55E1C1C0FDC}.Release|x86.ActiveCfg = Release|Any CPU
		{7F9F7F92-3C73-4EE8-8758-E55E1C1C0FDC}.Release|x86.Build.0 = Release|Any CPU
		{47070D78-1D84-442C-95F9-5A9527806717}.Debug|Any CPU.ActiveCfg = Debug|Any CPU
		{47070D78-1D84-442C-95F9-5A9527806717}.Debug|Any CPU.Build.0 = Debug|Any CPU
		{47070D78-1D84-442C-95F9-5A9527806717}.Debug|x64.ActiveCfg = Debug|Any CPU
		{47070D78-1D84-442C-95F9-5A9527806717}.Debug|x64.Build.0 = Debug|Any CPU
		{47070D78-1D84-442C-95F9-5A9527806717}.Debug|x86.ActiveCfg = Debug|Any CPU
		{47070D78-1D84-442C-95F9-5A9527806717}.Debug|x86.Build.0 = Debug|Any CPU
		{47070D78-1D84-442C-95F9-5A9527806717}.Release|Any CPU.ActiveCfg = Release|Any CPU
		{47070D78-1D84-442C-95F9-5A9527806717}.Release|Any CPU.Build.0 = Release|Any CPU
		{47070D78-1D84-442C-95F9-5A9527806717}.Release|x64.ActiveCfg = Release|Any CPU
		{47070D78-1D84-442C-95F9-5A9527806717}.Release|x64.Build.0 = Release|Any CPU
		{47070D78-1D84-442C-95F9-5A9527806717}.Release|x86.ActiveCfg = Release|Any CPU
		{47070D78-1D84-442C-95F9-5A9527806717}.Release|x86.Build.0 = Release|Any CPU
	EndGlobalSection
	GlobalSection(SolutionProperties) = preSolution
		HideSolutionNode = FALSE
	EndGlobalSection
	GlobalSection(NestedProjects) = preSolution
		{D93D8D88-C2F6-4A33-9EE4-634183A98011} = {CC285547-13E6-485B-BE3D-7DD137DB78B8}
		{BFCCF9AC-1D1A-4A2C-8AB1-77FE29285ACE} = {CC285547-13E6-485B-BE3D-7DD137DB78B8}
		{DCE4760B-AAB1-4C00-810E-F6F1751D2C7A} = {CC285547-13E6-485B-BE3D-7DD137DB78B8}
		{E3DEE01A-D31D-4037-8BD8-BCCBF5CE50AC} = {CC285547-13E6-485B-BE3D-7DD137DB78B8}
		{736E0173-E3F7-4F13-9563-C48ADC22A64B} = {CC285547-13E6-485B-BE3D-7DD137DB78B8}
		{22981E6C-E0D7-42FF-810B-B9A3724A69FD} = {CC285547-13E6-485B-BE3D-7DD137DB78B8}
		{211E63C4-0539-4C72-B44D-B3466B3CC7F7} = {CC285547-13E6-485B-BE3D-7DD137DB78B8}
		{B24EBBC5-5BD8-4E8C-A55F-29A14DA0E1E6} = {CC285547-13E6-485B-BE3D-7DD137DB78B8}
		{66411D9A-1426-44D4-8C29-4F252019C326} = {CC285547-13E6-485B-BE3D-7DD137DB78B8}
		{B9F576E5-1AE7-4D76-B3C1-4EBFABC85900} = {CC285547-13E6-485B-BE3D-7DD137DB78B8}
		{C5AABBA6-C908-4846-95E2-EE5398620F06} = {CC285547-13E6-485B-BE3D-7DD137DB78B8}
		{7F9F7F92-3C73-4EE8-8758-E55E1C1C0FDC} = {CC285547-13E6-485B-BE3D-7DD137DB78B8}
		{47070D78-1D84-442C-95F9-5A9527806717} = {CC285547-13E6-485B-BE3D-7DD137DB78B8}
	EndGlobalSection
	GlobalSection(ExtensibilityGlobals) = postSolution
		SolutionGuid = {6D3511C5-6701-4BED-BFAF-25877F419C90}
	EndGlobalSection
EndGlobal
